{
  "name": "StatusPage",
  "lockfileVersion": 3,
  "requires": true,
  "packages": {
    "": {
      "devDependencies": {
        "sprucehttp_sjs": "^2.2.5"
      }
    },
    "node_modules/sprucehttp_sjs": {
      "version": "2.2.5",
      "resolved": "https://registry.npmjs.org/sprucehttp_sjs/-/sprucehttp_sjs-2.2.5.tgz",
      "integrity": "sha512-KXK5YdCbqujCUeCASW9K6792iK1TNa88XFNEYoVwa3Ed/KoieI06xDhflMq3k2Yk/1NV4OlmzHBkH0/rQdDMdA==",
      "dev": true,
      "license": "Copyright (c) STiBaRC LLC. All rights reserved."
    }
  }
}
